<?xml version="1.0" encoding="utf-8"?>
<Project ToolsVersion="4.0" xmlns="http://schemas.microsoft.com/developer/msbuild/2003">
  <ItemGroup>
    <Filter Include="Quelldateien">
      <UniqueIdentifier>{4FC737F1-C7A5-4376-A066-2A32D752A2FF}</UniqueIdentifier>
      <Extensions>cpp;c;cc;cxx;c++;cppm;ixx;def;odl;idl;hpj;bat;asm;asmx</Extensions>
    </Filter>
    <Filter Include="Headerdateien">
      <UniqueIdentifier>{93995380-89BD-4b04-88EB-625FBE52EBFB}</UniqueIdentifier>
      <Extensions>h;hh;hpp;hxx;h++;hm;inl;inc;ipp;xsd</Extensions>
    </Filter>
    <Filter Include="Ressourcendateien">
      <UniqueIdentifier>{67DA6AB6-F800-4c08-8B7A-83BB121AAD01}</UniqueIdentifier>
      <Extensions>rc;ico;cur;bmp;dlg;rc2;rct;bin;rgs;gif;jpg;jpeg;jpe;resx;tiff;tif;png;wav;mfcribbon-ms</Extensions>
    </Filter>
  </ItemGroup>
  <ItemGroup>
    <ClInclude Include="utils\framework.h">
      <Filter>Headerdateien</Filter>
    </ClInclude>
    <ClInclude Include="utils\pch.h">
      <Filter>Headerdateien</Filter>
    </ClInclude>
    <ClInclude Include="imgui\imconfig.h">
      <Filter>Headerdateien</Filter>
    </ClInclude>
    <ClInclude Include="imgui\imgui.h">
      <Filter>Headerdateien</Filter>
    </ClInclude>
    <ClInclude Include="imgui\imgui_impl_dx9.h">
      <Filter>Headerdateien</Filter>
    </ClInclude>
    <ClInclude Include="imgui\imgui_impl_win32.h">
      <Filter>Headerdateien</Filter>
    </ClInclude>
    <ClInclude Include="imgui\imgui_internal.h">
      <Filter>Headerdateien</Filter>
    </ClInclude>
    <ClInclude Include="imgui\imstb_rectpack.h">
      <Filter>Headerdateien</Filter>
    </ClInclude>
    <ClInclude Include="imgui\imstb_textedit.h">
      <Filter>Headerdateien</Filter>
    </ClInclude>
    <ClInclude Include="imgui\imstb_truetype.h">
      <Filter>Headerdateien</Filter>
    </ClInclude>
    <ClInclude Include="minhook\hde\hde32.h">
      <Filter>Headerdateien</Filter>
    </ClInclude>
    <ClInclude Include="minhook\hde\hde64.h">
      <Filter>Headerdateien</Filter>
    </ClInclude>
    <ClInclude Include="minhook\hde\pstdint.h">
      <Filter>Headerdateien</Filter>
    </ClInclude>
    <ClInclude Include="minhook\hde\table32.h">
      <Filter>Headerdateien</Filter>
    </ClInclude>
    <ClInclude Include="minhook\hde\table64.h">
      <Filter>Headerdateien</Filter>
    </ClInclude>
    <ClInclude Include="minhook\buffer.h">
      <Filter>Headerdateien</Filter>
    </ClInclude>
    <ClInclude Include="minhook\minhook.h">
      <Filter>Headerdateien</Filter>
    </ClInclude>
    <ClInclude Include="minhook\trampoline.h">
      <Filter>Headerdateien</Filter>
    </ClInclude>
    <ClInclude Include="GUI\gui.h">
      <Filter>Headerdateien</Filter>
    </ClInclude>
    <ClInclude Include="hook\hooks.h">
      <Filter>Headerdateien</Filter>
    </ClInclude>
    <ClInclude Include="vis\vis.h">
      <Filter>Headerdateien</Filter>
    </ClInclude>
    <ClInclude Include="Interface\EntityInterface.h">
      <Filter>Headerdateien</Filter>
    </ClInclude>
    <ClInclude Include="Interface\getInterface.h">
      <Filter>Headerdateien</Filter>
    </ClInclude>
    <ClInclude Include="move\move.h">
      <Filter>Headerdateien</Filter>
    </ClInclude>
    <ClInclude Include="Interface\usercmd.h">
      <Filter>Headerdateien</Filter>
    </ClInclude>
    <ClInclude Include="hook\fucntions.h">
      <Filter>Headerdateien</Filter>
    </ClInclude>
    <ClInclude Include="Interface\interfaces.h">
      <Filter>Headerdateien</Filter>
    </ClInclude>
    <ClInclude Include="Interface\ivengineclient.h">
      <Filter>Headerdateien</Filter>
    </ClInclude>
    <ClInclude Include="Interface\iglowmanager.h">
      <Filter>Headerdateien</Filter>
    </ClInclude>
    <ClInclude Include="Interface\cutlvector.h">
      <Filter>Headerdateien</Filter>
    </ClInclude>
    <ClInclude Include="Interface\cclientclass.h">
      <Filter>Headerdateien</Filter>
    </ClInclude>
    <ClInclude Include="Interface\centity.h">
      <Filter>Headerdateien</Filter>
    </ClInclude>
    <ClInclude Include="Interface\datatable.h">
      <Filter>Headerdateien</Filter>
    </ClInclude>
    <ClInclude Include="utils\hash.h">
      <Filter>Headerdateien</Filter>
    </ClInclude>
    <ClInclude Include="netvar\netvar.h">
      <Filter>Headerdateien</Filter>
    </ClInclude>
    <ClInclude Include="utils\cvector.h">
      <Filter>Headerdateien</Filter>
    </ClInclude>
    <ClInclude Include="Interface\ienginetraceclient.h">
      <Filter>Headerdateien</Filter>
    </ClInclude>
    <ClInclude Include="aim\aim.h">
      <Filter>Headerdateien</Filter>
    </ClInclude>
    <ClInclude Include="Interface\bspflags.h">
      <Filter>Headerdateien</Filter>
    </ClInclude>
    <ClInclude Include="Interface\weaponsid.h">
      <Filter>Headerdateien</Filter>
    </ClInclude>
    <ClInclude Include="GUI\drawing.h">
      <Filter>Headerdateien</Filter>
    </ClInclude>
    <ClInclude Include="utils\cmatrix.h">
      <Filter>Headerdateien</Filter>
    </ClInclude>
    <ClInclude Include="Interface\isurface.h">
      <Filter>Headerdateien</Filter>
    </ClInclude>
    <ClInclude Include="Interface\ienginevgui.h">
      <Filter>Headerdateien</Filter>
    </ClInclude>
    <ClInclude Include="Interface\IGlobalVars.h">
      <Filter>Headerdateien</Filter>
    </ClInclude>
  </ItemGroup>
  <ItemGroup>
    <ClCompile Include="dllmain.cpp">
      <Filter>Quelldateien</Filter>
    </ClCompile>
    <ClCompile Include="utils\pch.cpp">
      <Filter>Quelldateien</Filter>
    </ClCompile>
    <ClCompile Include="imgui\imgui.cpp">
      <Filter>Quelldateien</Filter>
    </ClCompile>
    <ClCompile Include="imgui\imgui_demo.cpp">
      <Filter>Quelldateien</Filter>
    </ClCompile>
    <ClCompile Include="imgui\imgui_draw.cpp">
      <Filter>Quelldateien</Filter>
    </ClCompile>
    <ClCompile Include="imgui\imgui_impl_dx9.cpp">
      <Filter>Quelldateien</Filter>
    </ClCompile>
    <ClCompile Include="imgui\imgui_impl_win32.cpp">
      <Filter>Quelldateien</Filter>
    </ClCompile>
    <ClCompile Include="imgui\imgui_tables.cpp">
      <Filter>Quelldateien</Filter>
    </ClCompile>
    <ClCompile Include="imgui\imgui_widgets.cpp">
      <Filter>Quelldateien</Filter>
    </ClCompile>
    <ClCompile Include="minhook\hde\hde32.c">
      <Filter>Quelldateien</Filter>
    </ClCompile>
    <ClCompile Include="minhook\hde\hde64.c">
      <Filter>Quelldateien</Filter>
    </ClCompile>
    <ClCompile Include="minhook\buffer.c">
      <Filter>Quelldateien</Filter>
    </ClCompile>
    <ClCompile Include="minhook\hook.c">
      <Filter>Quelldateien</Filter>
    </ClCompile>
    <ClCompile Include="minhook\trampoline.c">
      <Filter>Quelldateien</Filter>
    </ClCompile>
    <ClCompile Include="GUI\gui.cpp">
      <Filter>Quelldateien</Filter>
    </ClCompile>
    <ClCompile Include="hook\hooks.cpp">
      <Filter>Quelldateien</Filter>
    </ClCompile>
    <ClCompile Include="vis\vis.cpp">
      <Filter>Quelldateien</Filter>
    </ClCompile>
    <ClCompile Include="move\move.cpp">
      <Filter>Quelldateien</Filter>
    </ClCompile>
    <ClCompile Include="hook\functions.cpp">
      <Filter>Quelldateien</Filter>
    </ClCompile>
    <ClCompile Include="Interface\interfaces.cpp">
      <Filter>Quelldateien</Filter>
    </ClCompile>
    <ClCompile Include="netvar\netvar.cpp">
      <Filter>Quelldateien</Filter>
    </ClCompile>
    <ClCompile Include="aim\aim.cpp">
      <Filter>Quelldateien</Filter>
    </ClCompile>
    <ClCompile Include="GUI\drawing.cpp">
      <Filter>Quelldateien</Filter>
    </ClCompile>
    <ClCompile Include="Interface\ivdebugoverlay.h">
      <Filter>Quelldateien</Filter>
    </ClCompile>
    <ClCompile Include="Interface\patternscanner.cpp">
      <Filter>Quelldateien</Filter>
    </ClCompile>
  </ItemGroup>
  <ItemGroup>
    <None Include=".gitignore" />
  </ItemGroup>
</Project>